
Microsoft Visual Studio Solution File, Format Version 11.00
# Visual Studio 2010
Project("{FAE04EC0-301F-11D3-BF4B-00C04F79EFBC}") = "Assembly-CSharp", "Assembly-CSharp.csproj", "{e54ac1e9-011d-7931-c1cd-fa0858bd35c2}"
EndProject
Project("{FAE04EC0-301F-11D3-BF4B-00C04F79EFBC}") = "Boxophobic.Utils.Scripts", "Boxophobic.Utils.Scripts.csproj", "{5e9afd57-7ec6-4345-ff01-989e628076d1}"
EndProject
Project("{FAE04EC0-301F-11D3-BF4B-00C04F79EFBC}") = "Boxophobic.Utils.Editor", "Boxophobic.Utils.Editor.csproj", "{512b1442-8f6a-7c78-d577-ac999c365e54}"
EndProject
Project("{FAE04EC0-301F-11D3-BF4B-00C04F79EFBC}") = "Boxophobic.SkyboxCubemapExtended.Editor", "Boxophobic.SkyboxCubemapExtended.Editor.csproj", "{628ac309-0c44-abb3-1711-b82e78502e82}"
EndProject
Global
	GlobalSection(SolutionConfigurationPlatforms) = preSolution
		Debug|Any CPU = Debug|Any CPU
	EndGlobalSection
	GlobalSection(ProjectConfigurationPlatforms) = postSolution
		{e54ac1e9-011d-7931-c1cd-fa0858bd35c2}.Debug|Any CPU.ActiveCfg = Debug|Any CPU
		{e54ac1e9-011d-7931-c1cd-fa0858bd35c2}.Debug|Any CPU.Build.0 = Debug|Any CPU
		{5e9afd57-7ec6-4345-ff01-989e628076d1}.Debug|Any CPU.ActiveCfg = Debug|Any CPU
		{5e9afd57-7ec6-4345-ff01-989e628076d1}.Debug|Any CPU.Build.0 = Debug|Any CPU
		{512b1442-8f6a-7c78-d577-ac999c365e54}.Debug|Any CPU.ActiveCfg = Debug|Any CPU
		{512b1442-8f6a-7c78-d577-ac999c365e54}.Debug|Any CPU.Build.0 = Debug|Any CPU
		{628ac309-0c44-abb3-1711-b82e78502e82}.Debug|Any CPU.ActiveCfg = Debug|Any CPU
		{628ac309-0c44-abb3-1711-b82e78502e82}.Debug|Any CPU.Build.0 = Debug|Any CPU
	EndGlobalSection
	GlobalSection(SolutionProperties) = preSolution
		HideSolutionNode = FALSE
	EndGlobalSection
EndGlobal
